# This file is automatically @generated by Cargo.
# It is not intended for manual editing.
version = 3

[[package]]
name = "e_business"
version = "0.1.0"

[[package]]
name = "erp-core"
version = "0.1.0"
dependencies = [
 "e_business",
 "gerenciamento_conta",
 "gerenciamento_producao",
 "gerenciamento_vendas_distribuicao",
 "gestao_cadeia_abastecimento",
 "gestao_fabricacao",
 "gestao_financeira",
 "gestao_recursos_humanos",
 "gestao_relacionamento_cliente",
 "gestao_transporte",
]

[[package]]
name = "gerenciamento_conta"
version = "0.1.0"

[[package]]
name = "gerenciamento_producao"
version = "0.1.0"

[[package]]
name = "gerenciamento_vendas_distribuicao"
version = "0.1.0"

[[package]]
name = "gestao_cadeia_abastecimento"
version = "0.1.0"

[[package]]
name = "gestao_fabricacao"
version = "0.1.0"

[[package]]
name = "gestao_financeira"
version = "0.1.0"

[[package]]
name = "gestao_recursos_humanos"
version = "0.1.0"

[[package]]
name = "gestao_relacionamento_cliente"
version = "0.1.0"

[[package]]
name = "gestao_transporte"
version = "0.1.0"
